
Microsoft Visual Studio Solution File, Format Version 12.00
# Visual Studio Version 17
VisualStudioVersion = 17.2.32516.85
MinimumVisualStudioVersion = 10.0.40219.1
Project("{9A19103F-16F7-4668-BE54-9A1E7A4F7556}") = "ConsoleApp_Bank", "ConsoleApp_Bank\ConsoleApp_Bank.csproj", "{4267EF56-FBC4-4E01-9FF5-E0CF9482DFFB}"
EndProject
Project("{FAE04EC0-301F-11D3-BF4B-00C04F79EFBC}") = "ConsoleApp_Bank.Tests", "ConsoleApp_Bank.Tests\ConsoleApp_Bank.Tests.csproj", "{FEE0CF10-B066-4AF6-9030-EB9637D3D1F2}"
EndProject
Global
	GlobalSection(SolutionConfigurationPlatforms) = preSolution
		Debug|Any CPU = Debug|Any CPU
		Release|Any CPU = Release|Any CPU
	EndGlobalSection
	GlobalSection(ProjectConfigurationPlatforms) = postSolution
		{4267EF56-FBC4-4E01-9FF5-E0CF9482DFFB}.Debug|Any CPU.ActiveCfg = Debug|Any CPU
		{4267EF56-FBC4-4E01-9FF5-E0CF9482DFFB}.Debug|Any CPU.Build.0 = Debug|Any CPU
		{4267EF56-FBC4-4E01-9FF5-E0CF9482DFFB}.Release|Any CPU.ActiveCfg = Release|Any CPU
		{4267EF56-FBC4-4E01-9FF5-E0CF9482DFFB}.Release|Any CPU.Build.0 = Release|Any CPU
		{FEE0CF10-B066-4AF6-9030-EB9637D3D1F2}.Debug|Any CPU.ActiveCfg = Debug|Any CPU
		{FEE0CF10-B066-4AF6-9030-EB9637D3D1F2}.Debug|Any CPU.Build.0 = Debug|Any CPU
		{FEE0CF10-B066-4AF6-9030-EB9637D3D1F2}.Release|Any CPU.ActiveCfg = Release|Any CPU
		{FEE0CF10-B066-4AF6-9030-EB9637D3D1F2}.Release|Any CPU.Build.0 = Release|Any CPU
	EndGlobalSection
	GlobalSection(SolutionProperties) = preSolution
		HideSolutionNode = FALSE
	EndGlobalSection
	GlobalSection(ExtensibilityGlobals) = postSolution
		SolutionGuid = {550BAC0F-B250-427C-AC8B-DAEC7122D145}
	EndGlobalSection
EndGlobal
